
Microsoft Visual Studio Solution File, Format Version 12.00
# Visual Studio Version 17
VisualStudioVersion = 17.3.32819.101
MinimumVisualStudioVersion = 10.0.40219.1
Project("{FAE04EC0-301F-11D3-BF4B-00C04F79EFBC}") = "LesBooks.API", "LesBooks.API\LesBooks.API.csproj", "{FDF05068-0044-44CE-B1DF-6C2C0442094E}"
EndProject
Global
	GlobalSection(SolutionConfigurationPlatforms) = preSolution
		Debug|Any CPU = Debug|Any CPU
		Release|Any CPU = Release|Any CPU
	EndGlobalSection
	GlobalSection(ProjectConfigurationPlatforms) = postSolution
		{FDF05068-0044-44CE-B1DF-6C2C0442094E}.Debug|Any CPU.ActiveCfg = Debug|Any CPU
		{FDF05068-0044-44CE-B1DF-6C2C0442094E}.Debug|Any CPU.Build.0 = Debug|Any CPU
		{FDF05068-0044-44CE-B1DF-6C2C0442094E}.Release|Any CPU.ActiveCfg = Release|Any CPU
		{FDF05068-0044-44CE-B1DF-6C2C0442094E}.Release|Any CPU.Build.0 = Release|Any CPU
	EndGlobalSection
	GlobalSection(SolutionProperties) = preSolution
		HideSolutionNode = FALSE
	EndGlobalSection
	GlobalSection(ExtensibilityGlobals) = postSolution
		SolutionGuid = {45FB9075-87D9-40A4-8529-8D735E4C9E18}
	EndGlobalSection
EndGlobal
