
Microsoft Visual Studio Solution File, Format Version 12.00
# Visual Studio Version 17
VisualStudioVersion = 17.3.32819.101
MinimumVisualStudioVersion = 10.0.40219.1
Project("{9A19103F-16F7-4668-BE54-9A1E7A4F7556}") = "LesBooks.API", "LesBooks.API\LesBooks.API.csproj", "{FDF05068-0044-44CE-B1DF-6C2C0442094E}"
EndProject
Project("{9A19103F-16F7-4668-BE54-9A1E7A4F7556}") = "LesBooks.Model", "LesBooks.Model\LesBooks.Model.csproj", "{ACBB03BA-E297-4397-9401-68054356B77D}"
EndProject
Project("{FAE04EC0-301F-11D3-BF4B-00C04F79EFBC}") = "LesBooks.Application", "LesBooks.Application\LesBooks.Application.csproj", "{97EF6648-B57F-4FD5-B463-B907C80E5D6D}"
EndProject
Project("{FAE04EC0-301F-11D3-BF4B-00C04F79EFBC}") = "LesBooks.IoC", "LesBooks.IoC\LesBooks.IoC.csproj", "{02975EEA-B9C0-435E-B7B4-00CEEDB74B59}"
EndProject
Project("{FAE04EC0-301F-11D3-BF4B-00C04F79EFBC}") = "LesBooks.DAL", "LesBooks.DAL\LesBooks.DAL.csproj", "{AEB5DF65-514D-4FC6-A886-F45EF6EDAF96}"
EndProject
Global
	GlobalSection(SolutionConfigurationPlatforms) = preSolution
		Debug|Any CPU = Debug|Any CPU
		Release|Any CPU = Release|Any CPU
	EndGlobalSection
	GlobalSection(ProjectConfigurationPlatforms) = postSolution
		{FDF05068-0044-44CE-B1DF-6C2C0442094E}.Debug|Any CPU.ActiveCfg = Debug|Any CPU
		{FDF05068-0044-44CE-B1DF-6C2C0442094E}.Debug|Any CPU.Build.0 = Debug|Any CPU
		{FDF05068-0044-44CE-B1DF-6C2C0442094E}.Release|Any CPU.ActiveCfg = Release|Any CPU
		{FDF05068-0044-44CE-B1DF-6C2C0442094E}.Release|Any CPU.Build.0 = Release|Any CPU
		{ACBB03BA-E297-4397-9401-68054356B77D}.Debug|Any CPU.ActiveCfg = Debug|Any CPU
		{ACBB03BA-E297-4397-9401-68054356B77D}.Debug|Any CPU.Build.0 = Debug|Any CPU
		{ACBB03BA-E297-4397-9401-68054356B77D}.Release|Any CPU.ActiveCfg = Release|Any CPU
		{ACBB03BA-E297-4397-9401-68054356B77D}.Release|Any CPU.Build.0 = Release|Any CPU
		{97EF6648-B57F-4FD5-B463-B907C80E5D6D}.Debug|Any CPU.ActiveCfg = Debug|Any CPU
		{97EF6648-B57F-4FD5-B463-B907C80E5D6D}.Debug|Any CPU.Build.0 = Debug|Any CPU
		{97EF6648-B57F-4FD5-B463-B907C80E5D6D}.Release|Any CPU.ActiveCfg = Release|Any CPU
		{97EF6648-B57F-4FD5-B463-B907C80E5D6D}.Release|Any CPU.Build.0 = Release|Any CPU
		{02975EEA-B9C0-435E-B7B4-00CEEDB74B59}.Debug|Any CPU.ActiveCfg = Debug|Any CPU
		{02975EEA-B9C0-435E-B7B4-00CEEDB74B59}.Debug|Any CPU.Build.0 = Debug|Any CPU
		{02975EEA-B9C0-435E-B7B4-00CEEDB74B59}.Release|Any CPU.ActiveCfg = Release|Any CPU
		{02975EEA-B9C0-435E-B7B4-00CEEDB74B59}.Release|Any CPU.Build.0 = Release|Any CPU
		{AEB5DF65-514D-4FC6-A886-F45EF6EDAF96}.Debug|Any CPU.ActiveCfg = Debug|Any CPU
		{AEB5DF65-514D-4FC6-A886-F45EF6EDAF96}.Debug|Any CPU.Build.0 = Debug|Any CPU
		{AEB5DF65-514D-4FC6-A886-F45EF6EDAF96}.Release|Any CPU.ActiveCfg = Release|Any CPU
		{AEB5DF65-514D-4FC6-A886-F45EF6EDAF96}.Release|Any CPU.Build.0 = Release|Any CPU
	EndGlobalSection
	GlobalSection(SolutionProperties) = preSolution
		HideSolutionNode = FALSE
	EndGlobalSection
	GlobalSection(ExtensibilityGlobals) = postSolution
		SolutionGuid = {45FB9075-87D9-40A4-8529-8D735E4C9E18}
	EndGlobalSection
EndGlobal
